
Microsoft Visual Studio Solution File, Format Version 12.00
Project("{FAE04EC0-301F-11D3-BF4B-00C04F79EFBC}") = "ItCareer", "ItCareer\ItCareer.csproj", "{B80ABC7B-3395-4ECD-BFA9-EA0DF3B98E85}"
EndProject
Global
	GlobalSection(SolutionConfigurationPlatforms) = preSolution
		Debug|Any CPU = Debug|Any CPU
		Release|Any CPU = Release|Any CPU
	EndGlobalSection
	GlobalSection(ProjectConfigurationPlatforms) = postSolution
		{B80ABC7B-3395-4ECD-BFA9-EA0DF3B98E85}.Debug|Any CPU.ActiveCfg = Debug|Any CPU
		{B80ABC7B-3395-4ECD-BFA9-EA0DF3B98E85}.Debug|Any CPU.Build.0 = Debug|Any CPU
		{B80ABC7B-3395-4ECD-BFA9-EA0DF3B98E85}.Release|Any CPU.ActiveCfg = Release|Any CPU
		{B80ABC7B-3395-4ECD-BFA9-EA0DF3B98E85}.Release|Any CPU.Build.0 = Release|Any CPU
	EndGlobalSection
EndGlobal
